
Microsoft Visual Studio Solution File, Format Version 12.00
# Visual Studio 15
VisualStudioVersion = 15.0.26730.15
MinimumVisualStudioVersion = 10.0.40219.1
Project("{FAE04EC0-301F-11D3-BF4B-00C04F79EFBC}") = "ApartamentS", "ApartamentS\ApartamentS.csproj", "{E1194617-3032-4D88-8120-BC135B4E9C6B}"
EndProject
Global
	GlobalSection(SolutionConfigurationPlatforms) = preSolution
		Debug|Any CPU = Debug|Any CPU
		Release|Any CPU = Release|Any CPU
	EndGlobalSection
	GlobalSection(ProjectConfigurationPlatforms) = postSolution
		{E1194617-3032-4D88-8120-BC135B4E9C6B}.Debug|Any CPU.ActiveCfg = Debug|Any CPU
		{E1194617-3032-4D88-8120-BC135B4E9C6B}.Debug|Any CPU.Build.0 = Debug|Any CPU
		{E1194617-3032-4D88-8120-BC135B4E9C6B}.Release|Any CPU.ActiveCfg = Release|Any CPU
		{E1194617-3032-4D88-8120-BC135B4E9C6B}.Release|Any CPU.Build.0 = Release|Any CPU
	EndGlobalSection
	GlobalSection(SolutionProperties) = preSolution
		HideSolutionNode = FALSE
	EndGlobalSection
	GlobalSection(ExtensibilityGlobals) = postSolution
		SolutionGuid = {34F00FD2-CC74-492E-9E0C-33F4041F2E21}
	EndGlobalSection
EndGlobal
